// !$*UTF8*$!
{
	archiveVersion = 1;
	classes = {
	};
	objectVersion = 46;
	objects = {

/* Begin PBXBuildFile section */
		21056C931C908FE300F5D2C6 /* libturbojpeg.dylib in Frameworks */ = {isa = PBXBuildFile; fileRef = 21056C921C908FE300F5D2C6 /* libturbojpeg.dylib */; };
		210841031C9192730021E62A /* usb-1.0.0-superspeed.a in Frameworks */ = {isa = PBXBuildFile; fileRef = 210841021C9192730021E62A /* usb-1.0.0-superspeed.a */; };
		2108415C1C91928E0021E62A /* ofxMultiKinectV2.cpp in Sources */ = {isa = PBXBuildFile; fileRef = 210841061C91928E0021E62A /* ofxMultiKinectV2.cpp */; };
		2108415D1C91928E0021E62A /* GpuRegistration.cpp in Sources */ = {isa = PBXBuildFile; fileRef = 210841091C91928E0021E62A /* GpuRegistration.cpp */; };
		2108415E1C91928E0021E62A /* usb-1.0.0-superspeed.a in Frameworks */ = {isa = PBXBuildFile; fileRef = 210841231C91928E0021E62A /* usb-1.0.0-superspeed.a */; };
		2108415F1C91928E0021E62A /* ofProtonect2.cpp in Sources */ = {isa = PBXBuildFile; fileRef = 210841421C91928E0021E62A /* ofProtonect2.cpp */; };
		210841601C91928E0021E62A /* command_transaction.cpp in Sources */ = {isa = PBXBuildFile; fileRef = 210841451C91928E0021E62A /* command_transaction.cpp */; };
		210841611C91928E0021E62A /* depth_packet_processor.cpp in Sources */ = {isa = PBXBuildFile; fileRef = 210841461C91928E0021E62A /* depth_packet_processor.cpp */; };
		210841621C91928E0021E62A /* depth_packet_stream_parser.cpp in Sources */ = {isa = PBXBuildFile; fileRef = 210841471C91928E0021E62A /* depth_packet_stream_parser.cpp */; };
		210841631C91928E0021E62A /* double_buffer.cpp in Sources */ = {isa = PBXBuildFile; fileRef = 210841481C91928E0021E62A /* double_buffer.cpp */; };
		210841641C91928E0021E62A /* event_loop.cpp in Sources */ = {isa = PBXBuildFile; fileRef = 210841491C91928E0021E62A /* event_loop.cpp */; };
		210841651C91928E0021E62A /* frame_listener_impl.cpp in Sources */ = {isa = PBXBuildFile; fileRef = 2108414B1C91928E0021E62A /* frame_listener_impl.cpp */; };
		210841661C91928E0021E62A /* libfreenect2.cpp in Sources */ = {isa = PBXBuildFile; fileRef = 2108414C1C91928E0021E62A /* libfreenect2.cpp */; };
		210841671C91928E0021E62A /* opencl_depth_packet_processor.cpp in Sources */ = {isa = PBXBuildFile; fileRef = 2108414E1C91928E0021E62A /* opencl_depth_packet_processor.cpp */; };
		210841681C91928E0021E62A /* packet_pipeline.cpp in Sources */ = {isa = PBXBuildFile; fileRef = 2108414F1C91928E0021E62A /* packet_pipeline.cpp */; };
		210841691C91928E0021E62A /* registration.cpp in Sources */ = {isa = PBXBuildFile; fileRef = 210841501C91928E0021E62A /* registration.cpp */; };
		2108416A1C91928E0021E62A /* resource.cpp in Sources */ = {isa = PBXBuildFile; fileRef = 210841511C91928E0021E62A /* resource.cpp */; };
		2108416B1C91928E0021E62A /* resources.inc in Sources */ = {isa = PBXBuildFile; fileRef = 210841521C91928E0021E62A /* resources.inc */; };
		2108416C1C91928E0021E62A /* rgb_packet_processor.cpp in Sources */ = {isa = PBXBuildFile; fileRef = 210841531C91928E0021E62A /* rgb_packet_processor.cpp */; };
		2108416D1C91928E0021E62A /* rgb_packet_stream_parser.cpp in Sources */ = {isa = PBXBuildFile; fileRef = 210841541C91928E0021E62A /* rgb_packet_stream_parser.cpp */; };
		2108416E1C91928E0021E62A /* timer_util.cpp in Sources */ = {isa = PBXBuildFile; fileRef = 210841551C91928E0021E62A /* timer_util.cpp */; };
		2108416F1C91928E0021E62A /* tinythread.cpp in Sources */ = {isa = PBXBuildFile; fileRef = 210841581C91928E0021E62A /* tinythread.cpp */; };
		210841701C91928E0021E62A /* transfer_pool.cpp in Sources */ = {isa = PBXBuildFile; fileRef = 2108415A1C91928E0021E62A /* transfer_pool.cpp */; };
		210841711C91928E0021E62A /* usb_control.cpp in Sources */ = {isa = PBXBuildFile; fileRef = 2108415B1C91928E0021E62A /* usb_control.cpp */; };
		2190CAC81C898E470091C66C /* ofxAutoReloadedShader.cpp in Sources */ = {isa = PBXBuildFile; fileRef = 2190CAC61C898E470091C66C /* ofxAutoReloadedShader.cpp */; };
		21D968041C845727003316BE /* ofxCsv.cpp in Sources */ = {isa = PBXBuildFile; fileRef = 21D968021C845727003316BE /* ofxCsv.cpp */; };
		660398161B9896EE00444604 /* OpenCL.framework in Frameworks */ = {isa = PBXBuildFile; fileRef = 660398151B9896EE00444604 /* OpenCL.framework */; };
		E4328149138ABC9F0047C5CB /* openFrameworksDebug.a in Frameworks */ = {isa = PBXBuildFile; fileRef = E4328148138ABC890047C5CB /* openFrameworksDebug.a */; };
		FF057EAC1C5A206100CCD59A /* DetectBody.cpp in Sources */ = {isa = PBXBuildFile; fileRef = FF057EAA1C5A206100CCD59A /* DetectBody.cpp */; };
		FF057EC01C5A2A0400CCD59A /* ofxBaseGui.cpp in Sources */ = {isa = PBXBuildFile; fileRef = FF057EAF1C5A2A0400CCD59A /* ofxBaseGui.cpp */; };
		FF057EC11C5A2A0400CCD59A /* ofxButton.cpp in Sources */ = {isa = PBXBuildFile; fileRef = FF057EB11C5A2A0400CCD59A /* ofxButton.cpp */; };
		FF057EC21C5A2A0400CCD59A /* ofxGuiGroup.cpp in Sources */ = {isa = PBXBuildFile; fileRef = FF057EB41C5A2A0400CCD59A /* ofxGuiGroup.cpp */; };
		FF057EC31C5A2A0400CCD59A /* ofxLabel.cpp in Sources */ = {isa = PBXBuildFile; fileRef = FF057EB61C5A2A0400CCD59A /* ofxLabel.cpp */; };
		FF057EC41C5A2A0400CCD59A /* ofxPanel.cpp in Sources */ = {isa = PBXBuildFile; fileRef = FF057EB81C5A2A0400CCD59A /* ofxPanel.cpp */; };
		FF057EC51C5A2A0400CCD59A /* ofxSlider.cpp in Sources */ = {isa = PBXBuildFile; fileRef = FF057EBA1C5A2A0400CCD59A /* ofxSlider.cpp */; };
		FF057EC61C5A2A0400CCD59A /* ofxSliderGroup.cpp in Sources */ = {isa = PBXBuildFile; fileRef = FF057EBC1C5A2A0400CCD59A /* ofxSliderGroup.cpp */; };
		FF057EC71C5A2A0400CCD59A /* ofxToggle.cpp in Sources */ = {isa = PBXBuildFile; fileRef = FF057EBE1C5A2A0400CCD59A /* ofxToggle.cpp */; };
		FFFE02A01C568430000F902D /* ofxTurboJpeg.cpp in Sources */ = {isa = PBXBuildFile; fileRef = FFFE02971C568430000F902D /* ofxTurboJpeg.cpp */; };
		FFFE02A21C568469000F902D /* libturbojpeg.dylib in CopyFiles */ = {isa = PBXBuildFile; fileRef = FFFE029F1C568430000F902D /* libturbojpeg.dylib */; settings = {ATTRIBUTES = (CodeSignOnCopy, ); }; };
		FFFE02A81C568561000F902D /* main.cpp in Sources */ = {isa = PBXBuildFile; fileRef = FFFE02A41C568561000F902D /* main.cpp */; };
		FFFE02A91C568561000F902D /* ofApp.cpp in Sources */ = {isa = PBXBuildFile; fileRef = FFFE02A51C568561000F902D /* ofApp.cpp */; };
		FFFE02E11C579038000F902D /* ETF.cpp in Sources */ = {isa = PBXBuildFile; fileRef = FFFE02C41C579038000F902D /* ETF.cpp */; };
		FFFE02E21C579038000F902D /* fdog.cpp in Sources */ = {isa = PBXBuildFile; fileRef = FFFE02C51C579038000F902D /* fdog.cpp */; };
		FFFE02E31C579038000F902D /* Calibration.cpp in Sources */ = {isa = PBXBuildFile; fileRef = FFFE02D51C579038000F902D /* Calibration.cpp */; };
		FFFE02E41C579038000F902D /* ContourFinder.cpp in Sources */ = {isa = PBXBuildFile; fileRef = FFFE02D61C579038000F902D /* ContourFinder.cpp */; };
		FFFE02E51C579038000F902D /* Distance.cpp in Sources */ = {isa = PBXBuildFile; fileRef = FFFE02D71C579038000F902D /* Distance.cpp */; };
		FFFE02E61C579038000F902D /* Flow.cpp in Sources */ = {isa = PBXBuildFile; fileRef = FFFE02D81C579038000F902D /* Flow.cpp */; };
		FFFE02E71C579038000F902D /* Helpers.cpp in Sources */ = {isa = PBXBuildFile; fileRef = FFFE02D91C579038000F902D /* Helpers.cpp */; };
		FFFE02E81C579038000F902D /* Kalman.cpp in Sources */ = {isa = PBXBuildFile; fileRef = FFFE02DA1C579038000F902D /* Kalman.cpp */; };
		FFFE02E91C579038000F902D /* ObjectFinder.cpp in Sources */ = {isa = PBXBuildFile; fileRef = FFFE02DB1C579038000F902D /* ObjectFinder.cpp */; };
		FFFE02EA1C579038000F902D /* RunningBackground.cpp in Sources */ = {isa = PBXBuildFile; fileRef = FFFE02DC1C579038000F902D /* RunningBackground.cpp */; };
		FFFE02EB1C579038000F902D /* Tracker.cpp in Sources */ = {isa = PBXBuildFile; fileRef = FFFE02DD1C579038000F902D /* Tracker.cpp */; };
		FFFE02EC1C579038000F902D /* Utilities.cpp in Sources */ = {isa = PBXBuildFile; fileRef = FFFE02DE1C579038000F902D /* Utilities.cpp */; };
		FFFE02ED1C579038000F902D /* Wrappers.cpp in Sources */ = {isa = PBXBuildFile; fileRef = FFFE02DF1C579038000F902D /* Wrappers.cpp */; };
		FFFE02EE1C579038000F902D /* opencv.a in Frameworks */ = {isa = PBXBuildFile; fileRef = FFFE02E01C579038000F902D /* opencv.a */; };
/* End PBXBuildFile section */

/* Begin PBXContainerItemProxy section */
		E4328147138ABC890047C5CB /* PBXContainerItemProxy */ = {
			isa = PBXContainerItemProxy;
			containerPortal = E4328143138ABC890047C5CB /* openFrameworksLib.xcodeproj */;
			proxyType = 2;
			remoteGlobalIDString = E4B27C1510CBEB8E00536013;
			remoteInfo = openFrameworks;
		};
		E4EEB9AB138B136A00A80321 /* PBXContainerItemProxy */ = {
			isa = PBXContainerItemProxy;
			containerPortal = E4328143138ABC890047C5CB /* openFrameworksLib.xcodeproj */;
			proxyType = 1;
			remoteGlobalIDString = E4B27C1410CBEB8E00536013;
			remoteInfo = openFrameworks;
		};
/* End PBXContainerItemProxy section */

/* Begin PBXCopyFilesBuildPhase section */
		E4C2427710CC5ABF004149E2 /* CopyFiles */ = {
			isa = PBXCopyFilesBuildPhase;
			buildActionMask = 2147483647;
			dstPath = "";
			dstSubfolderSpec = 10;
			files = (
				FFFE02A21C568469000F902D /* libturbojpeg.dylib in CopyFiles */,
			);
			runOnlyForDeploymentPostprocessing = 0;
		};
/* End PBXCopyFilesBuildPhase section */

/* Begin PBXFileReference section */
		21056C921C908FE300F5D2C6 /* libturbojpeg.dylib */ = {isa = PBXFileReference; lastKnownFileType = "compiled.mach-o.dylib"; name = libturbojpeg.dylib; path = "../../../addons/ofxTurboJpeg/libs/turbo-jpeg/lib/osx/libturbojpeg.dylib"; sourceTree = "<group>"; };
		210841021C9192730021E62A /* usb-1.0.0-superspeed.a */ = {isa = PBXFileReference; lastKnownFileType = archive.ar; name = "usb-1.0.0-superspeed.a"; path = "../../../addons/ofxMultiKinectV2/libs/libusb/lib/osx/usb-1.0.0-superspeed.a"; sourceTree = "<group>"; };
		210841061C91928E0021E62A /* ofxMultiKinectV2.cpp */ = {isa = PBXFileReference; lastKnownFileType = sourcecode.cpp.cpp; path = ofxMultiKinectV2.cpp; sourceTree = "<group>"; };
		210841071C91928E0021E62A /* ofxMultiKinectV2.h */ = {isa = PBXFileReference; lastKnownFileType = sourcecode.c.h; path = ofxMultiKinectV2.h; sourceTree = "<group>"; };
		210841091C91928E0021E62A /* GpuRegistration.cpp */ = {isa = PBXFileReference; lastKnownFileType = sourcecode.cpp.cpp; path = GpuRegistration.cpp; sourceTree = "<group>"; };
		2108410A1C91928E0021E62A /* GpuRegistration.h */ = {isa = PBXFileReference; lastKnownFileType = sourcecode.c.h; path = GpuRegistration.h; sourceTree = "<group>"; };
		2108410E1C91928E0021E62A /* libfreenect2.h */ = {isa = PBXFileReference; lastKnownFileType = sourcecode.c.h; path = libfreenect2.h; sourceTree = "<group>"; };
		210841121C91928E0021E62A /* hotplug.h */ = {isa = PBXFileReference; lastKnownFileType = sourcecode.c.h; path = hotplug.h; sourceTree = "<group>"; };
		210841131C91928E0021E62A /* libusb.h */ = {isa = PBXFileReference; lastKnownFileType = sourcecode.c.h; path = libusb.h; sourceTree = "<group>"; };
		210841141C91928E0021E62A /* libusbi.h */ = {isa = PBXFileReference; lastKnownFileType = sourcecode.c.h; path = libusbi.h; sourceTree = "<group>"; };
		210841161C91928E0021E62A /* darwin_usb.h */ = {isa = PBXFileReference; lastKnownFileType = sourcecode.c.h; path = darwin_usb.h; sourceTree = "<group>"; };
		210841171C91928E0021E62A /* linux_usbfs.h */ = {isa = PBXFileReference; lastKnownFileType = sourcecode.c.h; path = linux_usbfs.h; sourceTree = "<group>"; };
		210841181C91928E0021E62A /* poll_posix.h */ = {isa = PBXFileReference; lastKnownFileType = sourcecode.c.h; path = poll_posix.h; sourceTree = "<group>"; };
		210841191C91928E0021E62A /* poll_windows.h */ = {isa = PBXFileReference; lastKnownFileType = sourcecode.c.h; path = poll_windows.h; sourceTree = "<group>"; };
		2108411A1C91928E0021E62A /* threads_posix.h */ = {isa = PBXFileReference; lastKnownFileType = sourcecode.c.h; path = threads_posix.h; sourceTree = "<group>"; };
		2108411B1C91928E0021E62A /* threads_windows.h */ = {isa = PBXFileReference; lastKnownFileType = sourcecode.c.h; path = threads_windows.h; sourceTree = "<group>"; };
		2108411C1C91928E0021E62A /* wince_usb.h */ = {isa = PBXFileReference; lastKnownFileType = sourcecode.c.h; path = wince_usb.h; sourceTree = "<group>"; };
		2108411D1C91928E0021E62A /* windows_common.h */ = {isa = PBXFileReference; lastKnownFileType = sourcecode.c.h; path = windows_common.h; sourceTree = "<group>"; };
		2108411E1C91928E0021E62A /* windows_usb.h */ = {isa = PBXFileReference; lastKnownFileType = sourcecode.c.h; path = windows_usb.h; sourceTree = "<group>"; };
		2108411F1C91928E0021E62A /* version.h */ = {isa = PBXFileReference; lastKnownFileType = sourcecode.c.h; path = version.h; sourceTree = "<group>"; };
		210841201C91928E0021E62A /* version_nano.h */ = {isa = PBXFileReference; lastKnownFileType = sourcecode.c.h; path = version_nano.h; sourceTree = "<group>"; };
		210841231C91928E0021E62A /* usb-1.0.0-superspeed.a */ = {isa = PBXFileReference; lastKnownFileType = archive.ar; path = "usb-1.0.0-superspeed.a"; sourceTree = "<group>"; };
		210841271C91928E0021E62A /* async_packet_processor.h */ = {isa = PBXFileReference; lastKnownFileType = sourcecode.c.h; path = async_packet_processor.h; sourceTree = "<group>"; };
		210841281C91928E0021E62A /* config.h */ = {isa = PBXFileReference; lastKnownFileType = sourcecode.c.h; path = config.h; sourceTree = "<group>"; };
		210841291C91928E0021E62A /* data_callback.h */ = {isa = PBXFileReference; lastKnownFileType = sourcecode.c.h; path = data_callback.h; sourceTree = "<group>"; };
		2108412A1C91928E0021E62A /* depth_packet_processor.h */ = {isa = PBXFileReference; lastKnownFileType = sourcecode.c.h; path = depth_packet_processor.h; sourceTree = "<group>"; };
		2108412B1C91928E0021E62A /* depth_packet_stream_parser.h */ = {isa = PBXFileReference; lastKnownFileType = sourcecode.c.h; path = depth_packet_stream_parser.h; sourceTree = "<group>"; };
		2108412C1C91928E0021E62A /* double_buffer.h */ = {isa = PBXFileReference; lastKnownFileType = sourcecode.c.h; path = double_buffer.h; sourceTree = "<group>"; };
		2108412D1C91928E0021E62A /* frame_listener.hpp */ = {isa = PBXFileReference; lastKnownFileType = sourcecode.cpp.h; path = frame_listener.hpp; sourceTree = "<group>"; };
		2108412E1C91928E0021E62A /* frame_listener_impl.h */ = {isa = PBXFileReference; lastKnownFileType = sourcecode.c.h; path = frame_listener_impl.h; sourceTree = "<group>"; };
		2108412F1C91928E0021E62A /* libfreenect2.hpp */ = {isa = PBXFileReference; lastKnownFileType = sourcecode.cpp.h; path = libfreenect2.hpp; sourceTree = "<group>"; };
		210841301C91928E0021E62A /* opengl.h */ = {isa = PBXFileReference; lastKnownFileType = sourcecode.c.h; path = opengl.h; sourceTree = "<group>"; };
		210841311C91928E0021E62A /* packet_pipeline.h */ = {isa = PBXFileReference; lastKnownFileType = sourcecode.c.h; path = packet_pipeline.h; sourceTree = "<group>"; };
		210841321C91928E0021E62A /* packet_processor.h */ = {isa = PBXFileReference; lastKnownFileType = sourcecode.c.h; path = packet_processor.h; sourceTree = "<group>"; };
		210841341C91928E0021E62A /* command.h */ = {isa = PBXFileReference; lastKnownFileType = sourcecode.c.h; path = command.h; sourceTree = "<group>"; };
		210841351C91928E0021E62A /* command_transaction.h */ = {isa = PBXFileReference; lastKnownFileType = sourcecode.c.h; path = command_transaction.h; sourceTree = "<group>"; };
		210841361C91928E0021E62A /* response.h */ = {isa = PBXFileReference; lastKnownFileType = sourcecode.c.h; path = response.h; sourceTree = "<group>"; };
		210841371C91928E0021E62A /* usb_control.h */ = {isa = PBXFileReference; lastKnownFileType = sourcecode.c.h; path = usb_control.h; sourceTree = "<group>"; };
		210841381C91928E0021E62A /* registration.h */ = {isa = PBXFileReference; lastKnownFileType = sourcecode.c.h; path = registration.h; sourceTree = "<group>"; };
		210841391C91928E0021E62A /* resource.h */ = {isa = PBXFileReference; lastKnownFileType = sourcecode.c.h; path = resource.h; sourceTree = "<group>"; };
		2108413A1C91928E0021E62A /* rgb_packet_processor.h */ = {isa = PBXFileReference; lastKnownFileType = sourcecode.c.h; path = rgb_packet_processor.h; sourceTree = "<group>"; };
		2108413B1C91928E0021E62A /* rgb_packet_stream_parser.h */ = {isa = PBXFileReference; lastKnownFileType = sourcecode.c.h; path = rgb_packet_stream_parser.h; sourceTree = "<group>"; };
		2108413C1C91928E0021E62A /* threading.h */ = {isa = PBXFileReference; lastKnownFileType = sourcecode.c.h; path = threading.h; sourceTree = "<group>"; };
		2108413E1C91928E0021E62A /* event_loop.h */ = {isa = PBXFileReference; lastKnownFileType = sourcecode.c.h; path = event_loop.h; sourceTree = "<group>"; };
		2108413F1C91928E0021E62A /* transfer_pool.h */ = {isa = PBXFileReference; lastKnownFileType = sourcecode.c.h; path = transfer_pool.h; sourceTree = "<group>"; };
		210841411C91928E0021E62A /* cl.hpp */ = {isa = PBXFileReference; lastKnownFileType = sourcecode.cpp.h; path = cl.hpp; sourceTree = "<group>"; };
		210841421C91928E0021E62A /* ofProtonect2.cpp */ = {isa = PBXFileReference; lastKnownFileType = sourcecode.cpp.cpp; path = ofProtonect2.cpp; sourceTree = "<group>"; };
		210841431C91928E0021E62A /* ofProtonect2.h */ = {isa = PBXFileReference; lastKnownFileType = sourcecode.c.h; path = ofProtonect2.h; sourceTree = "<group>"; };
		210841451C91928E0021E62A /* command_transaction.cpp */ = {isa = PBXFileReference; lastKnownFileType = sourcecode.cpp.cpp; path = command_transaction.cpp; sourceTree = "<group>"; };
		210841461C91928E0021E62A /* depth_packet_processor.cpp */ = {isa = PBXFileReference; lastKnownFileType = sourcecode.cpp.cpp; path = depth_packet_processor.cpp; sourceTree = "<group>"; };
		210841471C91928E0021E62A /* depth_packet_stream_parser.cpp */ = {isa = PBXFileReference; lastKnownFileType = sourcecode.cpp.cpp; path = depth_packet_stream_parser.cpp; sourceTree = "<group>"; };
		210841481C91928E0021E62A /* double_buffer.cpp */ = {isa = PBXFileReference; lastKnownFileType = sourcecode.cpp.cpp; path = double_buffer.cpp; sourceTree = "<group>"; };
		210841491C91928E0021E62A /* event_loop.cpp */ = {isa = PBXFileReference; lastKnownFileType = sourcecode.cpp.cpp; path = event_loop.cpp; sourceTree = "<group>"; };
		2108414A1C91928E0021E62A /* flextGL.h */ = {isa = PBXFileReference; lastKnownFileType = sourcecode.c.h; path = flextGL.h; sourceTree = "<group>"; };
		2108414B1C91928E0021E62A /* frame_listener_impl.cpp */ = {isa = PBXFileReference; lastKnownFileType = sourcecode.cpp.cpp; path = frame_listener_impl.cpp; sourceTree = "<group>"; };
		2108414C1C91928E0021E62A /* libfreenect2.cpp */ = {isa = PBXFileReference; lastKnownFileType = sourcecode.cpp.cpp; path = libfreenect2.cpp; sourceTree = "<group>"; };
		2108414D1C91928E0021E62A /* libusb.h */ = {isa = PBXFileReference; lastKnownFileType = sourcecode.c.h; path = libusb.h; sourceTree = "<group>"; };
		2108414E1C91928E0021E62A /* opencl_depth_packet_processor.cpp */ = {isa = PBXFileReference; lastKnownFileType = sourcecode.cpp.cpp; path = opencl_depth_packet_processor.cpp; sourceTree = "<group>"; };
		2108414F1C91928E0021E62A /* packet_pipeline.cpp */ = {isa = PBXFileReference; lastKnownFileType = sourcecode.cpp.cpp; path = packet_pipeline.cpp; sourceTree = "<group>"; };
		210841501C91928E0021E62A /* registration.cpp */ = {isa = PBXFileReference; lastKnownFileType = sourcecode.cpp.cpp; path = registration.cpp; sourceTree = "<group>"; };
		210841511C91928E0021E62A /* resource.cpp */ = {isa = PBXFileReference; lastKnownFileType = sourcecode.cpp.cpp; path = resource.cpp; sourceTree = "<group>"; };
		210841521C91928E0021E62A /* resources.inc */ = {isa = PBXFileReference; lastKnownFileType = sourcecode.pascal; path = resources.inc; sourceTree = "<group>"; };
		210841531C91928E0021E62A /* rgb_packet_processor.cpp */ = {isa = PBXFileReference; lastKnownFileType = sourcecode.cpp.cpp; path = rgb_packet_processor.cpp; sourceTree = "<group>"; };
		210841541C91928E0021E62A /* rgb_packet_stream_parser.cpp */ = {isa = PBXFileReference; lastKnownFileType = sourcecode.cpp.cpp; path = rgb_packet_stream_parser.cpp; sourceTree = "<group>"; };
		210841551C91928E0021E62A /* timer_util.cpp */ = {isa = PBXFileReference; lastKnownFileType = sourcecode.cpp.cpp; path = timer_util.cpp; sourceTree = "<group>"; };
		210841561C91928E0021E62A /* timer_util.h */ = {isa = PBXFileReference; lastKnownFileType = sourcecode.c.h; path = timer_util.h; sourceTree = "<group>"; };
		210841581C91928E0021E62A /* tinythread.cpp */ = {isa = PBXFileReference; lastKnownFileType = sourcecode.cpp.cpp; path = tinythread.cpp; sourceTree = "<group>"; };
		210841591C91928E0021E62A /* tinythread.h */ = {isa = PBXFileReference; lastKnownFileType = sourcecode.c.h; path = tinythread.h; sourceTree = "<group>"; };
		2108415A1C91928E0021E62A /* transfer_pool.cpp */ = {isa = PBXFileReference; lastKnownFileType = sourcecode.cpp.cpp; path = transfer_pool.cpp; sourceTree = "<group>"; };
		2108415B1C91928E0021E62A /* usb_control.cpp */ = {isa = PBXFileReference; lastKnownFileType = sourcecode.cpp.cpp; path = usb_control.cpp; sourceTree = "<group>"; };
		2190CAC61C898E470091C66C /* ofxAutoReloadedShader.cpp */ = {isa = PBXFileReference; lastKnownFileType = sourcecode.cpp.cpp; path = ofxAutoReloadedShader.cpp; sourceTree = "<group>"; };
		2190CAC71C898E470091C66C /* ofxAutoReloadedShader.h */ = {isa = PBXFileReference; lastKnownFileType = sourcecode.c.h; path = ofxAutoReloadedShader.h; sourceTree = "<group>"; };
		21D968021C845727003316BE /* ofxCsv.cpp */ = {isa = PBXFileReference; lastKnownFileType = sourcecode.cpp.cpp; path = ofxCsv.cpp; sourceTree = "<group>"; };
		21D968031C845727003316BE /* ofxCsv.h */ = {isa = PBXFileReference; lastKnownFileType = sourcecode.c.h; path = ofxCsv.h; sourceTree = "<group>"; };
		660398151B9896EE00444604 /* OpenCL.framework */ = {isa = PBXFileReference; lastKnownFileType = wrapper.framework; name = OpenCL.framework; path = System/Library/Frameworks/OpenCL.framework; sourceTree = SDKROOT; };
		E4328143138ABC890047C5CB /* openFrameworksLib.xcodeproj */ = {isa = PBXFileReference; lastKnownFileType = "wrapper.pb-project"; name = openFrameworksLib.xcodeproj; path = ../../../libs/openFrameworksCompiled/project/osx/openFrameworksLib.xcodeproj; sourceTree = SOURCE_ROOT; };
		E4B69B5B0A3A1756003C02F2 /* DAC-VirtualMirrorDebug.app */ = {isa = PBXFileReference; explicitFileType = wrapper.application; includeInIndex = 0; path = "DAC-VirtualMirrorDebug.app"; sourceTree = BUILT_PRODUCTS_DIR; };
		E4B6FCAD0C3E899E008CF71C /* openFrameworks-Info.plist */ = {isa = PBXFileReference; fileEncoding = 30; lastKnownFileType = text.plist.xml; path = "openFrameworks-Info.plist"; sourceTree = "<group>"; };
		E4EB691F138AFCF100A09F29 /* CoreOF.xcconfig */ = {isa = PBXFileReference; fileEncoding = 4; lastKnownFileType = text.xcconfig; name = CoreOF.xcconfig; path = ../../../libs/openFrameworksCompiled/project/osx/CoreOF.xcconfig; sourceTree = SOURCE_ROOT; };
		E4EB6923138AFD0F00A09F29 /* Project.xcconfig */ = {isa = PBXFileReference; fileEncoding = 4; lastKnownFileType = text.xcconfig; path = Project.xcconfig; sourceTree = "<group>"; };
		FF057EA91C5A206100CCD59A /* Body.h */ = {isa = PBXFileReference; fileEncoding = 4; lastKnownFileType = sourcecode.c.h; path = Body.h; sourceTree = "<group>"; };
		FF057EAA1C5A206100CCD59A /* DetectBody.cpp */ = {isa = PBXFileReference; fileEncoding = 4; lastKnownFileType = sourcecode.cpp.cpp; path = DetectBody.cpp; sourceTree = "<group>"; };
		FF057EAB1C5A206100CCD59A /* DetectBody.h */ = {isa = PBXFileReference; fileEncoding = 4; lastKnownFileType = sourcecode.c.h; path = DetectBody.h; sourceTree = "<group>"; };
		FF057EAF1C5A2A0400CCD59A /* ofxBaseGui.cpp */ = {isa = PBXFileReference; lastKnownFileType = sourcecode.cpp.cpp; path = ofxBaseGui.cpp; sourceTree = "<group>"; };
		FF057EB01C5A2A0400CCD59A /* ofxBaseGui.h */ = {isa = PBXFileReference; lastKnownFileType = sourcecode.c.h; path = ofxBaseGui.h; sourceTree = "<group>"; };
		FF057EB11C5A2A0400CCD59A /* ofxButton.cpp */ = {isa = PBXFileReference; lastKnownFileType = sourcecode.cpp.cpp; path = ofxButton.cpp; sourceTree = "<group>"; };
		FF057EB21C5A2A0400CCD59A /* ofxButton.h */ = {isa = PBXFileReference; lastKnownFileType = sourcecode.c.h; path = ofxButton.h; sourceTree = "<group>"; };
		FF057EB31C5A2A0400CCD59A /* ofxGui.h */ = {isa = PBXFileReference; lastKnownFileType = sourcecode.c.h; path = ofxGui.h; sourceTree = "<group>"; };
		FF057EB41C5A2A0400CCD59A /* ofxGuiGroup.cpp */ = {isa = PBXFileReference; lastKnownFileType = sourcecode.cpp.cpp; path = ofxGuiGroup.cpp; sourceTree = "<group>"; };
		FF057EB51C5A2A0400CCD59A /* ofxGuiGroup.h */ = {isa = PBXFileReference; lastKnownFileType = sourcecode.c.h; path = ofxGuiGroup.h; sourceTree = "<group>"; };
		FF057EB61C5A2A0400CCD59A /* ofxLabel.cpp */ = {isa = PBXFileReference; lastKnownFileType = sourcecode.cpp.cpp; path = ofxLabel.cpp; sourceTree = "<group>"; };
		FF057EB71C5A2A0400CCD59A /* ofxLabel.h */ = {isa = PBXFileReference; lastKnownFileType = sourcecode.c.h; path = ofxLabel.h; sourceTree = "<group>"; };
		FF057EB81C5A2A0400CCD59A /* ofxPanel.cpp */ = {isa = PBXFileReference; lastKnownFileType = sourcecode.cpp.cpp; path = ofxPanel.cpp; sourceTree = "<group>"; };
		FF057EB91C5A2A0400CCD59A /* ofxPanel.h */ = {isa = PBXFileReference; lastKnownFileType = sourcecode.c.h; path = ofxPanel.h; sourceTree = "<group>"; };
		FF057EBA1C5A2A0400CCD59A /* ofxSlider.cpp */ = {isa = PBXFileReference; lastKnownFileType = sourcecode.cpp.cpp; path = ofxSlider.cpp; sourceTree = "<group>"; };
		FF057EBB1C5A2A0400CCD59A /* ofxSlider.h */ = {isa = PBXFileReference; lastKnownFileType = sourcecode.c.h; path = ofxSlider.h; sourceTree = "<group>"; };
		FF057EBC1C5A2A0400CCD59A /* ofxSliderGroup.cpp */ = {isa = PBXFileReference; lastKnownFileType = sourcecode.cpp.cpp; path = ofxSliderGroup.cpp; sourceTree = "<group>"; };
		FF057EBD1C5A2A0400CCD59A /* ofxSliderGroup.h */ = {isa = PBXFileReference; lastKnownFileType = sourcecode.c.h; path = ofxSliderGroup.h; sourceTree = "<group>"; };
		FF057EBE1C5A2A0400CCD59A /* ofxToggle.cpp */ = {isa = PBXFileReference; lastKnownFileType = sourcecode.cpp.cpp; path = ofxToggle.cpp; sourceTree = "<group>"; };
		FF057EBF1C5A2A0400CCD59A /* ofxToggle.h */ = {isa = PBXFileReference; lastKnownFileType = sourcecode.c.h; path = ofxToggle.h; sourceTree = "<group>"; };
		FFFE02971C568430000F902D /* ofxTurboJpeg.cpp */ = {isa = PBXFileReference; lastKnownFileType = sourcecode.cpp.cpp; path = ofxTurboJpeg.cpp; sourceTree = "<group>"; };
		FFFE02981C568430000F902D /* ofxTurboJpeg.h */ = {isa = PBXFileReference; lastKnownFileType = sourcecode.c.h; path = ofxTurboJpeg.h; sourceTree = "<group>"; };
		FFFE029C1C568430000F902D /* turbojpeg.h */ = {isa = PBXFileReference; lastKnownFileType = sourcecode.c.h; path = turbojpeg.h; sourceTree = "<group>"; };
		FFFE029F1C568430000F902D /* libturbojpeg.dylib */ = {isa = PBXFileReference; lastKnownFileType = "compiled.mach-o.dylib"; path = libturbojpeg.dylib; sourceTree = "<group>"; };
		FFFE02A41C568561000F902D /* main.cpp */ = {isa = PBXFileReference; fileEncoding = 4; lastKnownFileType = sourcecode.cpp.cpp; path = main.cpp; sourceTree = "<group>"; };
		FFFE02A51C568561000F902D /* ofApp.cpp */ = {isa = PBXFileReference; fileEncoding = 4; lastKnownFileType = sourcecode.cpp.cpp; path = ofApp.cpp; sourceTree = "<group>"; };
		FFFE02A61C568561000F902D /* ofApp.h */ = {isa = PBXFileReference; fileEncoding = 4; lastKnownFileType = sourcecode.c.h; path = ofApp.h; sourceTree = "<group>"; };
		FFFE02A71C568561000F902D /* PointCloud.h */ = {isa = PBXFileReference; fileEncoding = 4; lastKnownFileType = sourcecode.c.h; path = PointCloud.h; sourceTree = "<group>"; };
		FFFE02B91C579038000F902D /* ofxCv.h */ = {isa = PBXFileReference; lastKnownFileType = sourcecode.c.h; path = ofxCv.h; sourceTree = "<group>"; };
		FFFE02BB1C579038000F902D /* .gitignore */ = {isa = PBXFileReference; lastKnownFileType = text; path = .gitignore; sourceTree = "<group>"; };
		FFFE02BF1C579038000F902D /* ETF.h */ = {isa = PBXFileReference; lastKnownFileType = sourcecode.c.h; path = ETF.h; sourceTree = "<group>"; };
		FFFE02C01C579038000F902D /* fdog.h */ = {isa = PBXFileReference; lastKnownFileType = sourcecode.c.h; path = fdog.h; sourceTree = "<group>"; };
		FFFE02C11C579038000F902D /* imatrix.h */ = {isa = PBXFileReference; lastKnownFileType = sourcecode.c.h; path = imatrix.h; sourceTree = "<group>"; };
		FFFE02C21C579038000F902D /* myvec.h */ = {isa = PBXFileReference; lastKnownFileType = sourcecode.c.h; path = myvec.h; sourceTree = "<group>"; };
		FFFE02C41C579038000F902D /* ETF.cpp */ = {isa = PBXFileReference; lastKnownFileType = sourcecode.cpp.cpp; path = ETF.cpp; sourceTree = "<group>"; };
		FFFE02C51C579038000F902D /* fdog.cpp */ = {isa = PBXFileReference; lastKnownFileType = sourcecode.cpp.cpp; path = fdog.cpp; sourceTree = "<group>"; };
		FFFE02C91C579038000F902D /* Calibration.h */ = {isa = PBXFileReference; lastKnownFileType = sourcecode.c.h; path = Calibration.h; sourceTree = "<group>"; };
		FFFE02CA1C579038000F902D /* ContourFinder.h */ = {isa = PBXFileReference; lastKnownFileType = sourcecode.c.h; path = ContourFinder.h; sourceTree = "<group>"; };
		FFFE02CB1C579038000F902D /* Distance.h */ = {isa = PBXFileReference; lastKnownFileType = sourcecode.c.h; path = Distance.h; sourceTree = "<group>"; };
		FFFE02CC1C579038000F902D /* Flow.h */ = {isa = PBXFileReference; lastKnownFileType = sourcecode.c.h; path = Flow.h; sourceTree = "<group>"; };
		FFFE02CD1C579038000F902D /* Helpers.h */ = {isa = PBXFileReference; lastKnownFileType = sourcecode.c.h; path = Helpers.h; sourceTree = "<group>"; };
		FFFE02CE1C579038000F902D /* Kalman.h */ = {isa = PBXFileReference; lastKnownFileType = sourcecode.c.h; path = Kalman.h; sourceTree = "<group>"; };
		FFFE02CF1C579038000F902D /* ObjectFinder.h */ = {isa = PBXFileReference; lastKnownFileType = sourcecode.c.h; path = ObjectFinder.h; sourceTree = "<group>"; };
		FFFE02D01C579038000F902D /* RunningBackground.h */ = {isa = PBXFileReference; lastKnownFileType = sourcecode.c.h; path = RunningBackground.h; sourceTree = "<group>"; };
		FFFE02D11C579038000F902D /* Tracker.h */ = {isa = PBXFileReference; lastKnownFileType = sourcecode.c.h; path = Tracker.h; sourceTree = "<group>"; };
		FFFE02D21C579038000F902D /* Utilities.h */ = {isa = PBXFileReference; lastKnownFileType = sourcecode.c.h; path = Utilities.h; sourceTree = "<group>"; };
		FFFE02D31C579038000F902D /* Wrappers.h */ = {isa = PBXFileReference; lastKnownFileType = sourcecode.c.h; path = Wrappers.h; sourceTree = "<group>"; };
		FFFE02D51C579038000F902D /* Calibration.cpp */ = {isa = PBXFileReference; lastKnownFileType = sourcecode.cpp.cpp; path = Calibration.cpp; sourceTree = "<group>"; };
		FFFE02D61C579038000F902D /* ContourFinder.cpp */ = {isa = PBXFileReference; lastKnownFileType = sourcecode.cpp.cpp; path = ContourFinder.cpp; sourceTree = "<group>"; };
		FFFE02D71C579038000F902D /* Distance.cpp */ = {isa = PBXFileReference; lastKnownFileType = sourcecode.cpp.cpp; path = Distance.cpp; sourceTree = "<group>"; };
		FFFE02D81C579038000F902D /* Flow.cpp */ = {isa = PBXFileReference; lastKnownFileType = sourcecode.cpp.cpp; path = Flow.cpp; sourceTree = "<group>"; };
		FFFE02D91C579038000F902D /* Helpers.cpp */ = {isa = PBXFileReference; lastKnownFileType = sourcecode.cpp.cpp; path = Helpers.cpp; sourceTree = "<group>"; };
		FFFE02DA1C579038000F902D /* Kalman.cpp */ = {isa = PBXFileReference; lastKnownFileType = sourcecode.cpp.cpp; path = Kalman.cpp; sourceTree = "<group>"; };
		FFFE02DB1C579038000F902D /* ObjectFinder.cpp */ = {isa = PBXFileReference; lastKnownFileType = sourcecode.cpp.cpp; path = ObjectFinder.cpp; sourceTree = "<group>"; };
		FFFE02DC1C579038000F902D /* RunningBackground.cpp */ = {isa = PBXFileReference; lastKnownFileType = sourcecode.cpp.cpp; path = RunningBackground.cpp; sourceTree = "<group>"; };
		FFFE02DD1C579038000F902D /* Tracker.cpp */ = {isa = PBXFileReference; lastKnownFileType = sourcecode.cpp.cpp; path = Tracker.cpp; sourceTree = "<group>"; };
		FFFE02DE1C579038000F902D /* Utilities.cpp */ = {isa = PBXFileReference; lastKnownFileType = sourcecode.cpp.cpp; path = Utilities.cpp; sourceTree = "<group>"; };
		FFFE02DF1C579038000F902D /* Wrappers.cpp */ = {isa = PBXFileReference; lastKnownFileType = sourcecode.cpp.cpp; path = Wrappers.cpp; sourceTree = "<group>"; };
		FFFE02E01C579038000F902D /* opencv.a */ = {isa = PBXFileReference; lastKnownFileType = archive.ar; name = opencv.a; path = ../../../addons/ofxCv/../ofxOpenCv/libs/opencv/lib/osx/opencv.a; sourceTree = "<group>"; };
/* End PBXFileReference section */

/* Begin PBXFrameworksBuildPhase section */
		E4B69B590A3A1756003C02F2 /* Frameworks */ = {
			isa = PBXFrameworksBuildPhase;
			buildActionMask = 2147483647;
			files = (
				660398161B9896EE00444604 /* OpenCL.framework in Frameworks */,
				E4328149138ABC9F0047C5CB /* openFrameworksDebug.a in Frameworks */,
				FFFE02EE1C579038000F902D /* opencv.a in Frameworks */,
				210841031C9192730021E62A /* usb-1.0.0-superspeed.a in Frameworks */,
				2108415E1C91928E0021E62A /* usb-1.0.0-superspeed.a in Frameworks */,
				21056C931C908FE300F5D2C6 /* libturbojpeg.dylib in Frameworks */,
			);
			runOnlyForDeploymentPostprocessing = 0;
		};
/* End PBXFrameworksBuildPhase section */

/* Begin PBXGroup section */
		210841041C91928E0021E62A /* ofxMultiKinectV2 */ = {
			isa = PBXGroup;
			children = (
				210841051C91928E0021E62A /* src */,
				2108410B1C91928E0021E62A /* libs */,
			);
			name = ofxMultiKinectV2;
			sourceTree = "<group>";
		};
		210841051C91928E0021E62A /* src */ = {
			isa = PBXGroup;
			children = (
				210841061C91928E0021E62A /* ofxMultiKinectV2.cpp */,
				210841071C91928E0021E62A /* ofxMultiKinectV2.h */,
				210841081C91928E0021E62A /* opt */,
			);
			name = src;
			path = ../../../addons/ofxMultiKinectV2/src;
			sourceTree = "<group>";
		};
		210841081C91928E0021E62A /* opt */ = {
			isa = PBXGroup;
			children = (
				210841091C91928E0021E62A /* GpuRegistration.cpp */,
				2108410A1C91928E0021E62A /* GpuRegistration.h */,
			);
			path = opt;
			sourceTree = "<group>";
		};
		2108410B1C91928E0021E62A /* libs */ = {
			isa = PBXGroup;
			children = (
				2108410C1C91928E0021E62A /* libfreenect2 */,
				2108410F1C91928E0021E62A /* libusb */,
				210841241C91928E0021E62A /* protonect */,
			);
			name = libs;
			path = ../../../addons/ofxMultiKinectV2/libs;
			sourceTree = "<group>";
		};
		2108410C1C91928E0021E62A /* libfreenect2 */ = {
			isa = PBXGroup;
			children = (
				2108410D1C91928E0021E62A /* include */,
			);
			path = libfreenect2;
			sourceTree = "<group>";
		};
		2108410D1C91928E0021E62A /* include */ = {
			isa = PBXGroup;
			children = (
				2108410E1C91928E0021E62A /* libfreenect2.h */,
			);
			path = include;
			sourceTree = "<group>";
		};
		2108410F1C91928E0021E62A /* libusb */ = {
			isa = PBXGroup;
			children = (
				210841101C91928E0021E62A /* include */,
				210841211C91928E0021E62A /* lib */,
			);
			path = libusb;
			sourceTree = "<group>";
		};
		210841101C91928E0021E62A /* include */ = {
			isa = PBXGroup;
			children = (
				210841111C91928E0021E62A /* libusb */,
			);
			path = include;
			sourceTree = "<group>";
		};
		210841111C91928E0021E62A /* libusb */ = {
			isa = PBXGroup;
			children = (
				210841121C91928E0021E62A /* hotplug.h */,
				210841131C91928E0021E62A /* libusb.h */,
				210841141C91928E0021E62A /* libusbi.h */,
				210841151C91928E0021E62A /* os */,
				2108411F1C91928E0021E62A /* version.h */,
				210841201C91928E0021E62A /* version_nano.h */,
			);
			path = libusb;
			sourceTree = "<group>";
		};
		210841151C91928E0021E62A /* os */ = {
			isa = PBXGroup;
			children = (
				210841161C91928E0021E62A /* darwin_usb.h */,
				210841171C91928E0021E62A /* linux_usbfs.h */,
				210841181C91928E0021E62A /* poll_posix.h */,
				210841191C91928E0021E62A /* poll_windows.h */,
				2108411A1C91928E0021E62A /* threads_posix.h */,
				2108411B1C91928E0021E62A /* threads_windows.h */,
				2108411C1C91928E0021E62A /* wince_usb.h */,
				2108411D1C91928E0021E62A /* windows_common.h */,
				2108411E1C91928E0021E62A /* windows_usb.h */,
			);
			path = os;
			sourceTree = "<group>";
		};
		210841211C91928E0021E62A /* lib */ = {
			isa = PBXGroup;
			children = (
				210841221C91928E0021E62A /* osx */,
			);
			path = lib;
			sourceTree = "<group>";
		};
		210841221C91928E0021E62A /* osx */ = {
			isa = PBXGroup;
			children = (
				210841231C91928E0021E62A /* usb-1.0.0-superspeed.a */,
			);
			path = osx;
			sourceTree = "<group>";
		};
		210841241C91928E0021E62A /* protonect */ = {
			isa = PBXGroup;
			children = (
				210841251C91928E0021E62A /* include */,
				210841421C91928E0021E62A /* ofProtonect2.cpp */,
				210841431C91928E0021E62A /* ofProtonect2.h */,
				210841441C91928E0021E62A /* src */,
			);
			path = protonect;
			sourceTree = "<group>";
		};
		210841251C91928E0021E62A /* include */ = {
			isa = PBXGroup;
			children = (
				210841261C91928E0021E62A /* libfreenect2 */,
				210841401C91928E0021E62A /* OpenCL */,
			);
			path = include;
			sourceTree = "<group>";
		};
		210841261C91928E0021E62A /* libfreenect2 */ = {
			isa = PBXGroup;
			children = (
				210841271C91928E0021E62A /* async_packet_processor.h */,
				210841281C91928E0021E62A /* config.h */,
				210841291C91928E0021E62A /* data_callback.h */,
				2108412A1C91928E0021E62A /* depth_packet_processor.h */,
				2108412B1C91928E0021E62A /* depth_packet_stream_parser.h */,
				2108412C1C91928E0021E62A /* double_buffer.h */,
				2108412D1C91928E0021E62A /* frame_listener.hpp */,
				2108412E1C91928E0021E62A /* frame_listener_impl.h */,
				2108412F1C91928E0021E62A /* libfreenect2.hpp */,
				210841301C91928E0021E62A /* opengl.h */,
				210841311C91928E0021E62A /* packet_pipeline.h */,
				210841321C91928E0021E62A /* packet_processor.h */,
				210841331C91928E0021E62A /* protocol */,
				210841381C91928E0021E62A /* registration.h */,
				210841391C91928E0021E62A /* resource.h */,
				2108413A1C91928E0021E62A /* rgb_packet_processor.h */,
				2108413B1C91928E0021E62A /* rgb_packet_stream_parser.h */,
				2108413C1C91928E0021E62A /* threading.h */,
				2108413D1C91928E0021E62A /* usb */,
			);
			path = libfreenect2;
			sourceTree = "<group>";
		};
		210841331C91928E0021E62A /* protocol */ = {
			isa = PBXGroup;
			children = (
				210841341C91928E0021E62A /* command.h */,
				210841351C91928E0021E62A /* command_transaction.h */,
				210841361C91928E0021E62A /* response.h */,
				210841371C91928E0021E62A /* usb_control.h */,
			);
			path = protocol;
			sourceTree = "<group>";
		};
		2108413D1C91928E0021E62A /* usb */ = {
			isa = PBXGroup;
			children = (
				2108413E1C91928E0021E62A /* event_loop.h */,
				2108413F1C91928E0021E62A /* transfer_pool.h */,
			);
			path = usb;
			sourceTree = "<group>";
		};
		210841401C91928E0021E62A /* OpenCL */ = {
			isa = PBXGroup;
			children = (
				210841411C91928E0021E62A /* cl.hpp */,
			);
			path = OpenCL;
			sourceTree = "<group>";
		};
		210841441C91928E0021E62A /* src */ = {
			isa = PBXGroup;
			children = (
				210841451C91928E0021E62A /* command_transaction.cpp */,
				210841461C91928E0021E62A /* depth_packet_processor.cpp */,
				210841471C91928E0021E62A /* depth_packet_stream_parser.cpp */,
				210841481C91928E0021E62A /* double_buffer.cpp */,
				210841491C91928E0021E62A /* event_loop.cpp */,
				2108414A1C91928E0021E62A /* flextGL.h */,
				2108414B1C91928E0021E62A /* frame_listener_impl.cpp */,
				2108414C1C91928E0021E62A /* libfreenect2.cpp */,
				2108414D1C91928E0021E62A /* libusb.h */,
				2108414E1C91928E0021E62A /* opencl_depth_packet_processor.cpp */,
				2108414F1C91928E0021E62A /* packet_pipeline.cpp */,
				210841501C91928E0021E62A /* registration.cpp */,
				210841511C91928E0021E62A /* resource.cpp */,
				210841521C91928E0021E62A /* resources.inc */,
				210841531C91928E0021E62A /* rgb_packet_processor.cpp */,
				210841541C91928E0021E62A /* rgb_packet_stream_parser.cpp */,
				210841551C91928E0021E62A /* timer_util.cpp */,
				210841561C91928E0021E62A /* timer_util.h */,
				210841571C91928E0021E62A /* tinythread */,
				2108415A1C91928E0021E62A /* transfer_pool.cpp */,
				2108415B1C91928E0021E62A /* usb_control.cpp */,
			);
			path = src;
			sourceTree = "<group>";
		};
		210841571C91928E0021E62A /* tinythread */ = {
			isa = PBXGroup;
			children = (
				210841581C91928E0021E62A /* tinythread.cpp */,
				210841591C91928E0021E62A /* tinythread.h */,
			);
			path = tinythread;
			sourceTree = "<group>";
		};
		2190CAC41C898E470091C66C /* ofxAutoReloadedShader */ = {
			isa = PBXGroup;
			children = (
				2190CAC51C898E470091C66C /* src */,
			);
			name = ofxAutoReloadedShader;
			sourceTree = "<group>";
		};
		2190CAC51C898E470091C66C /* src */ = {
			isa = PBXGroup;
			children = (
				2190CAC61C898E470091C66C /* ofxAutoReloadedShader.cpp */,
				2190CAC71C898E470091C66C /* ofxAutoReloadedShader.h */,
			);
			name = src;
			path = ../../../addons/ofxAutoReloadedShader/src;
			sourceTree = "<group>";
		};
		21D968001C845727003316BE /* ofxCsv */ = {
			isa = PBXGroup;
			children = (
				21D968011C845727003316BE /* src */,
			);
			name = ofxCsv;
			sourceTree = "<group>";
		};
		21D968011C845727003316BE /* src */ = {
			isa = PBXGroup;
			children = (
				21D968021C845727003316BE /* ofxCsv.cpp */,
				21D968031C845727003316BE /* ofxCsv.h */,
			);
			name = src;
			path = ../../../addons/ofxCsv/src;
			sourceTree = "<group>";
		};
		6948EE371B920CB800B5AC1A /* frameworks */ = {
			isa = PBXGroup;
			children = (
				21056C921C908FE300F5D2C6 /* libturbojpeg.dylib */,
				210841021C9192730021E62A /* usb-1.0.0-superspeed.a */,
				660398151B9896EE00444604 /* OpenCL.framework */,
			);
			name = frameworks;
			sourceTree = "<group>";
		};
		BB4B014C10F69532006C3DED /* addons */ = {
			isa = PBXGroup;
			children = (
				FFFE02951C568430000F902D /* ofxTurboJpeg */,
				FFFE02B71C579038000F902D /* ofxCv */,
				FF057EAD1C5A2A0400CCD59A /* ofxGui */,
				21D968001C845727003316BE /* ofxCsv */,
				2190CAC41C898E470091C66C /* ofxAutoReloadedShader */,
				210841041C91928E0021E62A /* ofxMultiKinectV2 */,
			);
			name = addons;
			sourceTree = "<group>";
		};
		E4328144138ABC890047C5CB /* Products */ = {
			isa = PBXGroup;
			children = (
				E4328148138ABC890047C5CB /* openFrameworksDebug.a */,
			);
			name = Products;
			sourceTree = "<group>";
		};
		E4B69B4A0A3A1720003C02F2 = {
			isa = PBXGroup;
			children = (
				E4B6FCAD0C3E899E008CF71C /* openFrameworks-Info.plist */,
				E4EB6923138AFD0F00A09F29 /* Project.xcconfig */,
				E4B69E1C0A3A1BDC003C02F2 /* src */,
				E4EEC9E9138DF44700A80321 /* openFrameworks */,
				BB4B014C10F69532006C3DED /* addons */,
				6948EE371B920CB800B5AC1A /* frameworks */,
				E4B69B5B0A3A1756003C02F2 /* DAC-VirtualMirrorDebug.app */,
			);
			sourceTree = "<group>";
		};
		E4B69E1C0A3A1BDC003C02F2 /* src */ = {
			isa = PBXGroup;
			children = (
				FFFE02A41C568561000F902D /* main.cpp */,
				FFFE02A51C568561000F902D /* ofApp.cpp */,
				FFFE02A61C568561000F902D /* ofApp.h */,
				FFFE02A71C568561000F902D /* PointCloud.h */,
				FF057EA91C5A206100CCD59A /* Body.h */,
				FF057EAA1C5A206100CCD59A /* DetectBody.cpp */,
				FF057EAB1C5A206100CCD59A /* DetectBody.h */,
			);
			path = src;
			sourceTree = SOURCE_ROOT;
		};
		E4EEC9E9138DF44700A80321 /* openFrameworks */ = {
			isa = PBXGroup;
			children = (
				E4EB691F138AFCF100A09F29 /* CoreOF.xcconfig */,
				E4328143138ABC890047C5CB /* openFrameworksLib.xcodeproj */,
			);
			name = openFrameworks;
			sourceTree = "<group>";
		};
		FF057EAD1C5A2A0400CCD59A /* ofxGui */ = {
			isa = PBXGroup;
			children = (
				FF057EAE1C5A2A0400CCD59A /* src */,
			);
			name = ofxGui;
			sourceTree = "<group>";
		};
		FF057EAE1C5A2A0400CCD59A /* src */ = {
			isa = PBXGroup;
			children = (
				FF057EAF1C5A2A0400CCD59A /* ofxBaseGui.cpp */,
				FF057EB01C5A2A0400CCD59A /* ofxBaseGui.h */,
				FF057EB11C5A2A0400CCD59A /* ofxButton.cpp */,
				FF057EB21C5A2A0400CCD59A /* ofxButton.h */,
				FF057EB31C5A2A0400CCD59A /* ofxGui.h */,
				FF057EB41C5A2A0400CCD59A /* ofxGuiGroup.cpp */,
				FF057EB51C5A2A0400CCD59A /* ofxGuiGroup.h */,
				FF057EB61C5A2A0400CCD59A /* ofxLabel.cpp */,
				FF057EB71C5A2A0400CCD59A /* ofxLabel.h */,
				FF057EB81C5A2A0400CCD59A /* ofxPanel.cpp */,
				FF057EB91C5A2A0400CCD59A /* ofxPanel.h */,
				FF057EBA1C5A2A0400CCD59A /* ofxSlider.cpp */,
				FF057EBB1C5A2A0400CCD59A /* ofxSlider.h */,
				FF057EBC1C5A2A0400CCD59A /* ofxSliderGroup.cpp */,
				FF057EBD1C5A2A0400CCD59A /* ofxSliderGroup.h */,
				FF057EBE1C5A2A0400CCD59A /* ofxToggle.cpp */,
				FF057EBF1C5A2A0400CCD59A /* ofxToggle.h */,
			);
			name = src;
			path = ../../../addons/ofxGui/src;
			sourceTree = "<group>";
		};
		FFFE02951C568430000F902D /* ofxTurboJpeg */ = {
			isa = PBXGroup;
			children = (
				FFFE02961C568430000F902D /* src */,
				FFFE02991C568430000F902D /* libs */,
			);
			name = ofxTurboJpeg;
			sourceTree = "<group>";
		};
		FFFE02961C568430000F902D /* src */ = {
			isa = PBXGroup;
			children = (
				FFFE02971C568430000F902D /* ofxTurboJpeg.cpp */,
				FFFE02981C568430000F902D /* ofxTurboJpeg.h */,
			);
			name = src;
			path = ../../../addons/ofxTurboJpeg/src;
			sourceTree = "<group>";
		};
		FFFE02991C568430000F902D /* libs */ = {
			isa = PBXGroup;
			children = (
				FFFE029A1C568430000F902D /* turbo-jpeg */,
			);
			name = libs;
			path = ../../../addons/ofxTurboJpeg/libs;
			sourceTree = "<group>";
		};
		FFFE029A1C568430000F902D /* turbo-jpeg */ = {
			isa = PBXGroup;
			children = (
				FFFE029B1C568430000F902D /* include */,
				FFFE029D1C568430000F902D /* lib */,
			);
			path = "turbo-jpeg";
			sourceTree = "<group>";
		};
		FFFE029B1C568430000F902D /* include */ = {
			isa = PBXGroup;
			children = (
				FFFE029C1C568430000F902D /* turbojpeg.h */,
			);
			path = include;
			sourceTree = "<group>";
		};
		FFFE029D1C568430000F902D /* lib */ = {
			isa = PBXGroup;
			children = (
				FFFE029E1C568430000F902D /* osx */,
			);
			path = lib;
			sourceTree = "<group>";
		};
		FFFE029E1C568430000F902D /* osx */ = {
			isa = PBXGroup;
			children = (
				FFFE029F1C568430000F902D /* libturbojpeg.dylib */,
			);
			path = osx;
			sourceTree = "<group>";
		};
		FFFE02B71C579038000F902D /* ofxCv */ = {
			isa = PBXGroup;
			children = (
				FFFE02B81C579038000F902D /* src */,
				FFFE02BA1C579038000F902D /* libs */,
				FFFE02E01C579038000F902D /* opencv.a */,
			);
			name = ofxCv;
			sourceTree = "<group>";
		};
		FFFE02B81C579038000F902D /* src */ = {
			isa = PBXGroup;
			children = (
				FFFE02B91C579038000F902D /* ofxCv.h */,
			);
			name = src;
			path = ../../../addons/ofxCv/src;
			sourceTree = "<group>";
		};
		FFFE02BA1C579038000F902D /* libs */ = {
			isa = PBXGroup;
			children = (
				FFFE02BB1C579038000F902D /* .gitignore */,
				FFFE02BC1C579038000F902D /* CLD */,
				FFFE02C61C579038000F902D /* ofxCv */,
			);
			name = libs;
			path = ../../../addons/ofxCv/libs;
			sourceTree = "<group>";
		};
		FFFE02BC1C579038000F902D /* CLD */ = {
			isa = PBXGroup;
			children = (
				FFFE02BD1C579038000F902D /* include */,
				FFFE02C31C579038000F902D /* src */,
			);
			path = CLD;
			sourceTree = "<group>";
		};
		FFFE02BD1C579038000F902D /* include */ = {
			isa = PBXGroup;
			children = (
				FFFE02BE1C579038000F902D /* CLD */,
			);
			path = include;
			sourceTree = "<group>";
		};
		FFFE02BE1C579038000F902D /* CLD */ = {
			isa = PBXGroup;
			children = (
				FFFE02BF1C579038000F902D /* ETF.h */,
				FFFE02C01C579038000F902D /* fdog.h */,
				FFFE02C11C579038000F902D /* imatrix.h */,
				FFFE02C21C579038000F902D /* myvec.h */,
			);
			path = CLD;
			sourceTree = "<group>";
		};
		FFFE02C31C579038000F902D /* src */ = {
			isa = PBXGroup;
			children = (
				FFFE02C41C579038000F902D /* ETF.cpp */,
				FFFE02C51C579038000F902D /* fdog.cpp */,
			);
			path = src;
			sourceTree = "<group>";
		};
		FFFE02C61C579038000F902D /* ofxCv */ = {
			isa = PBXGroup;
			children = (
				FFFE02C71C579038000F902D /* include */,
				FFFE02D41C579038000F902D /* src */,
			);
			path = ofxCv;
			sourceTree = "<group>";
		};
		FFFE02C71C579038000F902D /* include */ = {
			isa = PBXGroup;
			children = (
				FFFE02C81C579038000F902D /* ofxCv */,
			);
			path = include;
			sourceTree = "<group>";
		};
		FFFE02C81C579038000F902D /* ofxCv */ = {
			isa = PBXGroup;
			children = (
				FFFE02C91C579038000F902D /* Calibration.h */,
				FFFE02CA1C579038000F902D /* ContourFinder.h */,
				FFFE02CB1C579038000F902D /* Distance.h */,
				FFFE02CC1C579038000F902D /* Flow.h */,
				FFFE02CD1C579038000F902D /* Helpers.h */,
				FFFE02CE1C579038000F902D /* Kalman.h */,
				FFFE02CF1C579038000F902D /* ObjectFinder.h */,
				FFFE02D01C579038000F902D /* RunningBackground.h */,
				FFFE02D11C579038000F902D /* Tracker.h */,
				FFFE02D21C579038000F902D /* Utilities.h */,
				FFFE02D31C579038000F902D /* Wrappers.h */,
			);
			path = ofxCv;
			sourceTree = "<group>";
		};
		FFFE02D41C579038000F902D /* src */ = {
			isa = PBXGroup;
			children = (
				FFFE02D51C579038000F902D /* Calibration.cpp */,
				FFFE02D61C579038000F902D /* ContourFinder.cpp */,
				FFFE02D71C579038000F902D /* Distance.cpp */,
				FFFE02D81C579038000F902D /* Flow.cpp */,
				FFFE02D91C579038000F902D /* Helpers.cpp */,
				FFFE02DA1C579038000F902D /* Kalman.cpp */,
				FFFE02DB1C579038000F902D /* ObjectFinder.cpp */,
				FFFE02DC1C579038000F902D /* RunningBackground.cpp */,
				FFFE02DD1C579038000F902D /* Tracker.cpp */,
				FFFE02DE1C579038000F902D /* Utilities.cpp */,
				FFFE02DF1C579038000F902D /* Wrappers.cpp */,
			);
			path = src;
			sourceTree = "<group>";
		};
/* End PBXGroup section */

/* Begin PBXNativeTarget section */
		E4B69B5A0A3A1756003C02F2 /* DAC-VirtualMirror */ = {
			isa = PBXNativeTarget;
			buildConfigurationList = E4B69B5F0A3A1757003C02F2 /* Build configuration list for PBXNativeTarget "DAC-VirtualMirror" */;
			buildPhases = (
				E4B69B580A3A1756003C02F2 /* Sources */,
				E4B69B590A3A1756003C02F2 /* Frameworks */,
				E4B6FFFD0C3F9AB9008CF71C /* ShellScript */,
				E4C2427710CC5ABF004149E2 /* CopyFiles */,
			);
			buildRules = (
			);
			dependencies = (
				E4EEB9AC138B136A00A80321 /* PBXTargetDependency */,
			);
			name = "DAC-VirtualMirror";
			productName = myOFApp;
			productReference = E4B69B5B0A3A1756003C02F2 /* DAC-VirtualMirrorDebug.app */;
			productType = "com.apple.product-type.application";
		};
/* End PBXNativeTarget section */

/* Begin PBXProject section */
		E4B69B4C0A3A1720003C02F2 /* Project object */ = {
			isa = PBXProject;
			attributes = {
				LastUpgradeCheck = 0600;
			};
			buildConfigurationList = E4B69B4D0A3A1720003C02F2 /* Build configuration list for PBXProject "DAC-VirtualMirror" */;
			compatibilityVersion = "Xcode 3.2";
			developmentRegion = English;
			hasScannedForEncodings = 0;
			knownRegions = (
				English,
				Japanese,
				French,
				German,
			);
			mainGroup = E4B69B4A0A3A1720003C02F2;
			productRefGroup = E4B69B4A0A3A1720003C02F2;
			projectDirPath = "";
			projectReferences = (
				{
					ProductGroup = E4328144138ABC890047C5CB /* Products */;
					ProjectRef = E4328143138ABC890047C5CB /* openFrameworksLib.xcodeproj */;
				},
			);
			projectRoot = "";
			targets = (
				E4B69B5A0A3A1756003C02F2 /* DAC-VirtualMirror */,
			);
		};
/* End PBXProject section */

/* Begin PBXReferenceProxy section */
		E4328148138ABC890047C5CB /* openFrameworksDebug.a */ = {
			isa = PBXReferenceProxy;
			fileType = archive.ar;
			path = openFrameworksDebug.a;
			remoteRef = E4328147138ABC890047C5CB /* PBXContainerItemProxy */;
			sourceTree = BUILT_PRODUCTS_DIR;
		};
/* End PBXReferenceProxy section */

/* Begin PBXShellScriptBuildPhase section */
		E4B6FFFD0C3F9AB9008CF71C /* ShellScript */ = {
			isa = PBXShellScriptBuildPhase;
			buildActionMask = 2147483647;
			files = (
			);
			inputPaths = (
			);
			outputPaths = (
			);
			runOnlyForDeploymentPostprocessing = 0;
			shellPath = /bin/sh;
			shellScript = "rsync -aved ../../../libs/fmodex/lib/osx/libfmodex.dylib \"$TARGET_BUILD_DIR/$PRODUCT_NAME.app/Contents/MacOS/\"; install_name_tool -change ./libfmodex.dylib @executable_path/libfmodex.dylib \"$TARGET_BUILD_DIR/$PRODUCT_NAME.app/Contents/MacOS/$PRODUCT_NAME\";\nmkdir -p \"$TARGET_BUILD_DIR/$PRODUCT_NAME.app/Contents/Resources/\"\nrsync -aved \"$ICON_FILE\" \"$TARGET_BUILD_DIR/$PRODUCT_NAME.app/Contents/Resources/\"\nrsync -aved ../../../libs/glut/lib/osx/GLUT.framework \"$TARGET_BUILD_DIR/$PRODUCT_NAME.app/Contents/Frameworks/\"\n";
		};
/* End PBXShellScriptBuildPhase section */

/* Begin PBXSourcesBuildPhase section */
		E4B69B580A3A1756003C02F2 /* Sources */ = {
			isa = PBXSourcesBuildPhase;
			buildActionMask = 2147483647;
			files = (
				2108415F1C91928E0021E62A /* ofProtonect2.cpp in Sources */,
				FF057EAC1C5A206100CCD59A /* DetectBody.cpp in Sources */,
				210841701C91928E0021E62A /* transfer_pool.cpp in Sources */,
				2108416D1C91928E0021E62A /* rgb_packet_stream_parser.cpp in Sources */,
				210841681C91928E0021E62A /* packet_pipeline.cpp in Sources */,
				FFFE02E11C579038000F902D /* ETF.cpp in Sources */,
				FFFE02E21C579038000F902D /* fdog.cpp in Sources */,
				2108415D1C91928E0021E62A /* GpuRegistration.cpp in Sources */,
				210841601C91928E0021E62A /* command_transaction.cpp in Sources */,
				FF057EC31C5A2A0400CCD59A /* ofxLabel.cpp in Sources */,
				FFFE02E41C579038000F902D /* ContourFinder.cpp in Sources */,
				210841631C91928E0021E62A /* double_buffer.cpp in Sources */,
				21D968041C845727003316BE /* ofxCsv.cpp in Sources */,
				FFFE02E51C579038000F902D /* Distance.cpp in Sources */,
				2108416A1C91928E0021E62A /* resource.cpp in Sources */,
				210841661C91928E0021E62A /* libfreenect2.cpp in Sources */,
				2108416F1C91928E0021E62A /* tinythread.cpp in Sources */,
				2108415C1C91928E0021E62A /* ofxMultiKinectV2.cpp in Sources */,
				FF057EC01C5A2A0400CCD59A /* ofxBaseGui.cpp in Sources */,
				210841651C91928E0021E62A /* frame_listener_impl.cpp in Sources */,
				FFFE02E61C579038000F902D /* Flow.cpp in Sources */,
				210841641C91928E0021E62A /* event_loop.cpp in Sources */,
				210841671C91928E0021E62A /* opencl_depth_packet_processor.cpp in Sources */,
				FFFE02ED1C579038000F902D /* Wrappers.cpp in Sources */,
				FFFE02E31C579038000F902D /* Calibration.cpp in Sources */,
				FF057EC71C5A2A0400CCD59A /* ofxToggle.cpp in Sources */,
				FFFE02EA1C579038000F902D /* RunningBackground.cpp in Sources */,
				FFFE02A81C568561000F902D /* main.cpp in Sources */,
				2190CAC81C898E470091C66C /* ofxAutoReloadedShader.cpp in Sources */,
				2108416B1C91928E0021E62A /* resources.inc in Sources */,
				FFFE02E81C579038000F902D /* Kalman.cpp in Sources */,
				2108416C1C91928E0021E62A /* rgb_packet_processor.cpp in Sources */,
				2108416E1C91928E0021E62A /* timer_util.cpp in Sources */,
				FFFE02E91C579038000F902D /* ObjectFinder.cpp in Sources */,
				FF057EC11C5A2A0400CCD59A /* ofxButton.cpp in Sources */,
				210841611C91928E0021E62A /* depth_packet_processor.cpp in Sources */,
				210841621C91928E0021E62A /* depth_packet_stream_parser.cpp in Sources */,
				FFFE02A91C568561000F902D /* ofApp.cpp in Sources */,
				FF057EC61C5A2A0400CCD59A /* ofxSliderGroup.cpp in Sources */,
				FF057EC41C5A2A0400CCD59A /* ofxPanel.cpp in Sources */,
				FFFE02EC1C579038000F902D /* Utilities.cpp in Sources */,
				FFFE02E71C579038000F902D /* Helpers.cpp in Sources */,
				210841711C91928E0021E62A /* usb_control.cpp in Sources */,
				FF057EC21C5A2A0400CCD59A /* ofxGuiGroup.cpp in Sources */,
				210841691C91928E0021E62A /* registration.cpp in Sources */,
				FFFE02EB1C579038000F902D /* Tracker.cpp in Sources */,
				FF057EC51C5A2A0400CCD59A /* ofxSlider.cpp in Sources */,
				FFFE02A01C568430000F902D /* ofxTurboJpeg.cpp in Sources */,
			);
			runOnlyForDeploymentPostprocessing = 0;
		};
/* End PBXSourcesBuildPhase section */

/* Begin PBXTargetDependency section */
		E4EEB9AC138B136A00A80321 /* PBXTargetDependency */ = {
			isa = PBXTargetDependency;
			name = openFrameworks;
			targetProxy = E4EEB9AB138B136A00A80321 /* PBXContainerItemProxy */;
		};
/* End PBXTargetDependency section */

/* Begin XCBuildConfiguration section */
		E4B69B4E0A3A1720003C02F2 /* Debug */ = {
			isa = XCBuildConfiguration;
			baseConfigurationReference = E4EB6923138AFD0F00A09F29 /* Project.xcconfig */;
			buildSettings = {
				CONFIGURATION_BUILD_DIR = "$(SRCROOT)/bin/";
				COPY_PHASE_STRIP = NO;
				DEAD_CODE_STRIPPING = YES;
				GCC_AUTO_VECTORIZATION = YES;
				GCC_ENABLE_SSE3_EXTENSIONS = YES;
				GCC_ENABLE_SUPPLEMENTAL_SSE3_INSTRUCTIONS = YES;
				GCC_INLINES_ARE_PRIVATE_EXTERN = NO;
				GCC_OPTIMIZATION_LEVEL = 0;
				GCC_SYMBOLS_PRIVATE_EXTERN = NO;
				GCC_WARN_ABOUT_DEPRECATED_FUNCTIONS = YES;
				GCC_WARN_ABOUT_INVALID_OFFSETOF_MACRO = NO;
				GCC_WARN_ALLOW_INCOMPLETE_PROTOCOL = NO;
				GCC_WARN_UNINITIALIZED_AUTOS = NO;
				GCC_WARN_UNUSED_VALUE = NO;
				GCC_WARN_UNUSED_VARIABLE = NO;
				HEADER_SEARCH_PATHS = (
					"$(OF_CORE_HEADERS)",
					../../../addons/ofxMultiKinectV2/libs,
					../../../addons/ofxMultiKinectV2/libs/libfreenect2,
					../../../addons/ofxMultiKinectV2/libs/libfreenect2/include,
					../../../addons/ofxMultiKinectV2/libs/libusb,
					../../../addons/ofxMultiKinectV2/libs/libusb/include,
					../../../addons/ofxMultiKinectV2/libs/libusb/include/libusb,
					../../../addons/ofxMultiKinectV2/libs/libusb/include/libusb/os,
					../../../addons/ofxMultiKinectV2/libs/libusb/lib,
					../../../addons/ofxMultiKinectV2/libs/libusb/lib/osx,
					../../../addons/ofxMultiKinectV2/libs/protonect,
					../../../addons/ofxMultiKinectV2/libs/protonect/include,
					../../../addons/ofxMultiKinectV2/libs/protonect/include/OpenCL,
					../../../addons/ofxMultiKinectV2/libs/protonect/include/libfreenect2,
					../../../addons/ofxMultiKinectV2/libs/protonect/include/libfreenect2/protocol,
					../../../addons/ofxMultiKinectV2/libs/protonect/include/libfreenect2/usb,
					../../../addons/ofxMultiKinectV2/libs/protonect/src,
					../../../addons/ofxMultiKinectV2/libs/protonect/src/tinythread,
					../../../addons/ofxMultiKinectV2/src,
					../../../addons/ofxMultiKinectV2/src/opt,
					../../../addons/ofxTurboJpeg/libs,
					"../../../addons/ofxTurboJpeg/libs/turbo-jpeg",
					"../../../addons/ofxTurboJpeg/libs/turbo-jpeg/include",
					"../../../addons/ofxTurboJpeg/libs/turbo-jpeg/lib",
					"../../../addons/ofxTurboJpeg/libs/turbo-jpeg/lib/osx",
					../../../addons/ofxTurboJpeg/src,
				);
				MACOSX_DEPLOYMENT_TARGET = 10.8;
				ONLY_ACTIVE_ARCH = YES;
				OTHER_CPLUSPLUSFLAGS = (
					"-D__MACOSX_CORE__",
					"-mtune=native",
				);
				OTHER_LDFLAGS = (
					"$(OF_CORE_FRAMEWORKS)",
					"$(OF_CORE_LIBS)",
					"../../../addons/ofxMultiKinectV2/libs/libusb/lib/osx/usb-1.0.0-superspeed.a",
					"../../../addons/ofxTurboJpeg/libs/turbo-jpeg/lib/osx/libturbojpeg.dylib",
				);
				SDKROOT = macosx;
			};
			name = Debug;
		};
		E4B69B4F0A3A1720003C02F2 /* Release */ = {
			isa = XCBuildConfiguration;
			baseConfigurationReference = E4EB6923138AFD0F00A09F29 /* Project.xcconfig */;
			buildSettings = {
				CONFIGURATION_BUILD_DIR = "$(SRCROOT)/bin/";
				COPY_PHASE_STRIP = YES;
				DEAD_CODE_STRIPPING = YES;
				GCC_AUTO_VECTORIZATION = YES;
				GCC_ENABLE_SSE3_EXTENSIONS = YES;
				GCC_ENABLE_SUPPLEMENTAL_SSE3_INSTRUCTIONS = YES;
				GCC_INLINES_ARE_PRIVATE_EXTERN = NO;
				GCC_OPTIMIZATION_LEVEL = 3;
				GCC_SYMBOLS_PRIVATE_EXTERN = NO;
				GCC_UNROLL_LOOPS = YES;
				GCC_WARN_ABOUT_DEPRECATED_FUNCTIONS = YES;
				GCC_WARN_ABOUT_INVALID_OFFSETOF_MACRO = NO;
				GCC_WARN_ALLOW_INCOMPLETE_PROTOCOL = NO;
				GCC_WARN_UNINITIALIZED_AUTOS = NO;
				GCC_WARN_UNUSED_VALUE = NO;
				GCC_WARN_UNUSED_VARIABLE = NO;
				HEADER_SEARCH_PATHS = (
					"$(OF_CORE_HEADERS)",
					../../../addons/ofxMultiKinectV2/libs,
					../../../addons/ofxMultiKinectV2/libs/libfreenect2,
					../../../addons/ofxMultiKinectV2/libs/libfreenect2/include,
					../../../addons/ofxMultiKinectV2/libs/libusb,
					../../../addons/ofxMultiKinectV2/libs/libusb/include,
					../../../addons/ofxMultiKinectV2/libs/libusb/include/libusb,
					../../../addons/ofxMultiKinectV2/libs/libusb/include/libusb/os,
					../../../addons/ofxMultiKinectV2/libs/libusb/lib,
					../../../addons/ofxMultiKinectV2/libs/libusb/lib/osx,
					../../../addons/ofxMultiKinectV2/libs/protonect,
					../../../addons/ofxMultiKinectV2/libs/protonect/include,
					../../../addons/ofxMultiKinectV2/libs/protonect/include/OpenCL,
					../../../addons/ofxMultiKinectV2/libs/protonect/include/libfreenect2,
					../../../addons/ofxMultiKinectV2/libs/protonect/include/libfreenect2/protocol,
					../../../addons/ofxMultiKinectV2/libs/protonect/include/libfreenect2/usb,
					../../../addons/ofxMultiKinectV2/libs/protonect/src,
					../../../addons/ofxMultiKinectV2/libs/protonect/src/tinythread,
					../../../addons/ofxMultiKinectV2/src,
					../../../addons/ofxMultiKinectV2/src/opt,
					../../../addons/ofxTurboJpeg/libs,
					"../../../addons/ofxTurboJpeg/libs/turbo-jpeg",
					"../../../addons/ofxTurboJpeg/libs/turbo-jpeg/include",
					"../../../addons/ofxTurboJpeg/libs/turbo-jpeg/lib",
					"../../../addons/ofxTurboJpeg/libs/turbo-jpeg/lib/osx",
					../../../addons/ofxTurboJpeg/src,
				);
				MACOSX_DEPLOYMENT_TARGET = 10.8;
				OTHER_CPLUSPLUSFLAGS = (
					"-D__MACOSX_CORE__",
					"-mtune=native",
				);
				OTHER_LDFLAGS = (
					"$(OF_CORE_FRAMEWORKS)",
					"$(OF_CORE_LIBS)",
					"../../../addons/ofxMultiKinectV2/libs/libusb/lib/osx/usb-1.0.0-superspeed.a",
					"../../../addons/ofxTurboJpeg/libs/turbo-jpeg/lib/osx/libturbojpeg.dylib",
				);
				SDKROOT = macosx;
			};
			name = Release;
		};
		E4B69B600A3A1757003C02F2 /* Debug */ = {
			isa = XCBuildConfiguration;
			baseConfigurationReference = E4EB6923138AFD0F00A09F29 /* Project.xcconfig */;
			buildSettings = {
				COMBINE_HIDPI_IMAGES = YES;
				COPY_PHASE_STRIP = NO;
				FRAMEWORK_SEARCH_PATHS = (
					"$(inherited)",
					"$(FRAMEWORK_SEARCH_PATHS_QUOTED_FOR_TARGET_1)",
				);
				FRAMEWORK_SEARCH_PATHS_QUOTED_FOR_TARGET_1 = "\"$(SRCROOT)/../../../libs/glut/lib/osx\"";
				GCC_DYNAMIC_NO_PIC = NO;
				GCC_GENERATE_DEBUGGING_SYMBOLS = YES;
				GCC_MODEL_TUNING = NONE;
				HEADER_SEARCH_PATHS = (
					"$(OF_CORE_HEADERS)",
					../../../addons/ofxMultiKinectV2/libs,
					../../../addons/ofxMultiKinectV2/libs/libfreenect2,
					../../../addons/ofxMultiKinectV2/libs/libfreenect2/include,
					../../../addons/ofxMultiKinectV2/libs/libusb,
					../../../addons/ofxMultiKinectV2/libs/libusb/include,
					../../../addons/ofxMultiKinectV2/libs/libusb/include/libusb,
					../../../addons/ofxMultiKinectV2/libs/libusb/include/libusb/os,
					../../../addons/ofxMultiKinectV2/libs/libusb/lib,
					../../../addons/ofxMultiKinectV2/libs/libusb/lib/osx,
					../../../addons/ofxMultiKinectV2/libs/protonect,
					../../../addons/ofxMultiKinectV2/libs/protonect/include,
					../../../addons/ofxMultiKinectV2/libs/protonect/include/OpenCL,
					../../../addons/ofxMultiKinectV2/libs/protonect/include/libfreenect2,
					../../../addons/ofxMultiKinectV2/libs/protonect/include/libfreenect2/protocol,
					../../../addons/ofxMultiKinectV2/libs/protonect/include/libfreenect2/usb,
					../../../addons/ofxMultiKinectV2/libs/protonect/src,
					../../../addons/ofxMultiKinectV2/libs/protonect/src/tinythread,
					../../../addons/ofxMultiKinectV2/src,
					../../../addons/ofxMultiKinectV2/src/opt,
					../../../addons/ofxTurboJpeg/libs,
					"../../../addons/ofxTurboJpeg/libs/turbo-jpeg",
					"../../../addons/ofxTurboJpeg/libs/turbo-jpeg/include",
					"../../../addons/ofxTurboJpeg/libs/turbo-jpeg/lib",
					"../../../addons/ofxTurboJpeg/libs/turbo-jpeg/lib/osx",
					../../../addons/ofxTurboJpeg/src,
					HEADER_SEARCH_PATHS,
					"=",
					"$(OF_CORE_HEADERS)",
					"\"../../../addons/ofxOpenCv/libs/opencv/include/\"",
					"\"../../../addons/ofxCv/libs/ofxCv/include/\"",
				);
				ICON = "$(ICON_NAME_DEBUG)";
				ICON_FILE = "$(ICON_FILE_PATH)$(ICON)";
				INFOPLIST_FILE = "openFrameworks-Info.plist";
				INSTALL_PATH = "$(HOME)/Applications";
				LIBRARY_SEARCH_PATHS = (
					"$(inherited)",
					../../../addons/ofxMultiKinectV2/libs/libusb/lib/osx,
					"../../../addons/ofxTurboJpeg/libs/turbo-jpeg/lib/osx",
				);
				OTHER_LDFLAGS = (
					"$(OF_CORE_FRAMEWORKS)",
					"$(OF_CORE_LIBS)",
					"../../../addons/ofxMultiKinectV2/libs/libusb/lib/osx/usb-1.0.0-superspeed.a",
					"../../../addons/ofxTurboJpeg/libs/turbo-jpeg/lib/osx/libturbojpeg.dylib",
				);
				PRODUCT_NAME = "$(TARGET_NAME)Debug";
				USER_HEADER_SEARCH_PATHS = "../../../addons/ofxCv/libs/CLD/include/ ../../../addons/ofxMultiKinectV2/libs/protonect/include/ ../../../addons/ofxMultiKinectV2/libs/libusb/include/ ../../../addons/ofxTurboJpeg/libs/turbo-jpeg/include/ ../../../addons/ofxUnicode/libs/utf8cpp/include/ ../../../addons/ofxFaceTracker/libs/FaceTracker/include/ ../../../addons/ofxMultiKinectV2/libs/libusb_old/include/ ../../../addons/ofxMultiKinectV2/libs/libfreenect2/include/ ../../../addons/ofxCv/../ofxOpenCv/libs/opencv/include ../../../addons/ofxCv/libs/ofxCv/include/";
				WRAPPER_EXTENSION = app;
			};
			name = Debug;
		};
		E4B69B610A3A1757003C02F2 /* Release */ = {
			isa = XCBuildConfiguration;
			baseConfigurationReference = E4EB6923138AFD0F00A09F29 /* Project.xcconfig */;
			buildSettings = {
				COMBINE_HIDPI_IMAGES = YES;
				COPY_PHASE_STRIP = YES;
				FRAMEWORK_SEARCH_PATHS = (
					"$(inherited)",
					"$(FRAMEWORK_SEARCH_PATHS_QUOTED_FOR_TARGET_1)",
				);
				FRAMEWORK_SEARCH_PATHS_QUOTED_FOR_TARGET_1 = "\"$(SRCROOT)/../../../libs/glut/lib/osx\"";
				GCC_GENERATE_DEBUGGING_SYMBOLS = YES;
				GCC_MODEL_TUNING = NONE;
				HEADER_SEARCH_PATHS = (
					"$(OF_CORE_HEADERS)",
					../../../addons/ofxMultiKinectV2/libs,
					../../../addons/ofxMultiKinectV2/libs/libfreenect2,
					../../../addons/ofxMultiKinectV2/libs/libfreenect2/include,
					../../../addons/ofxMultiKinectV2/libs/libusb,
					../../../addons/ofxMultiKinectV2/libs/libusb/include,
					../../../addons/ofxMultiKinectV2/libs/libusb/include/libusb,
					../../../addons/ofxMultiKinectV2/libs/libusb/include/libusb/os,
					../../../addons/ofxMultiKinectV2/libs/libusb/lib,
					../../../addons/ofxMultiKinectV2/libs/libusb/lib/osx,
					../../../addons/ofxMultiKinectV2/libs/protonect,
					../../../addons/ofxMultiKinectV2/libs/protonect/include,
					../../../addons/ofxMultiKinectV2/libs/protonect/include/OpenCL,
					../../../addons/ofxMultiKinectV2/libs/protonect/include/libfreenect2,
					../../../addons/ofxMultiKinectV2/libs/protonect/include/libfreenect2/protocol,
					../../../addons/ofxMultiKinectV2/libs/protonect/include/libfreenect2/usb,
					../../../addons/ofxMultiKinectV2/libs/protonect/src,
					../../../addons/ofxMultiKinectV2/libs/protonect/src/tinythread,
					../../../addons/ofxMultiKinectV2/src,
					../../../addons/ofxMultiKinectV2/src/opt,
					../../../addons/ofxTurboJpeg/libs,
					"../../../addons/ofxTurboJpeg/libs/turbo-jpeg",
					"../../../addons/ofxTurboJpeg/libs/turbo-jpeg/include",
					"../../../addons/ofxTurboJpeg/libs/turbo-jpeg/lib",
					"../../../addons/ofxTurboJpeg/libs/turbo-jpeg/lib/osx",
					../../../addons/ofxTurboJpeg/src,
					HEADER_SEARCH_PATHS,
					"=",
					"$(OF_CORE_HEADERS)",
					"\"../../../addons/ofxOpenCv/libs/opencv/include/\"",
					"\"../../../addons/ofxCv/libs/ofxCv/include/\"",
				);
				ICON = "$(ICON_NAME_RELEASE)";
				ICON_FILE = "$(ICON_FILE_PATH)$(ICON)";
				INFOPLIST_FILE = "openFrameworks-Info.plist";
				INSTALL_PATH = "$(HOME)/Applications";
				LIBRARY_SEARCH_PATHS = (
					"$(inherited)",
					../../../addons/ofxMultiKinectV2/libs/libusb/lib/osx,
					"../../../addons/ofxTurboJpeg/libs/turbo-jpeg/lib/osx",
				);
				OTHER_LDFLAGS = (
					"$(OF_CORE_FRAMEWORKS)",
					"$(OF_CORE_LIBS)",
					"../../../addons/ofxMultiKinectV2/libs/libusb/lib/osx/usb-1.0.0-superspeed.a",
					"../../../addons/ofxTurboJpeg/libs/turbo-jpeg/lib/osx/libturbojpeg.dylib",
				);
				PRODUCT_NAME = "$(TARGET_NAME)";
				USER_HEADER_SEARCH_PATHS = "../../../addons/ofxCv/libs/CLD/include/ ../../../addons/ofxMultiKinectV2/libs/protonect/include/ ../../../addons/ofxMultiKinectV2/libs/libusb/include/ ../../../addons/ofxTurboJpeg/libs/turbo-jpeg/include/ ../../../addons/ofxUnicode/libs/utf8cpp/include/ ../../../addons/ofxFaceTracker/libs/FaceTracker/include/ ../../../addons/ofxMultiKinectV2/libs/libusb_old/include/ ../../../addons/ofxMultiKinectV2/libs/libfreenect2/include/ ../../../addons/ofxCv/../ofxOpenCv/libs/opencv/include ../../../addons/ofxCv/libs/ofxCv/include/";
				WRAPPER_EXTENSION = app;
				baseConfigurationReference = E4EB6923138AFD0F00A09F29;
			};
			name = Release;
		};
/* End XCBuildConfiguration section */

/* Begin XCConfigurationList section */
		E4B69B4D0A3A1720003C02F2 /* Build configuration list for PBXProject "DAC-VirtualMirror" */ = {
			isa = XCConfigurationList;
			buildConfigurations = (
				E4B69B4E0A3A1720003C02F2 /* Debug */,
				E4B69B4F0A3A1720003C02F2 /* Release */,
			);
			defaultConfigurationIsVisible = 0;
			defaultConfigurationName = Release;
		};
		E4B69B5F0A3A1757003C02F2 /* Build configuration list for PBXNativeTarget "DAC-VirtualMirror" */ = {
			isa = XCConfigurationList;
			buildConfigurations = (
				E4B69B600A3A1757003C02F2 /* Debug */,
				E4B69B610A3A1757003C02F2 /* Release */,
			);
			defaultConfigurationIsVisible = 0;
			defaultConfigurationName = Release;
		};
/* End XCConfigurationList section */
	};
	rootObject = E4B69B4C0A3A1720003C02F2 /* Project object */;
}
